
Microsoft Visual Studio Solution File, Format Version 12.00
# Visual Studio Version 16
VisualStudioVersion = 16.0.30711.63
MinimumVisualStudioVersion = 10.0.40219.1
Project("{FAE04EC0-301F-11D3-BF4B-00C04F79EFBC}") = "SmartControl", "SmartControl\SmartControl.csproj", "{58C49A84-DEE5-476D-A6C9-124FBD3DED01}"
EndProject
Project("{FAE04EC0-301F-11D3-BF4B-00C04F79EFBC}") = "SmartControlServer", "SmartControlServer\SmartControlServer.csproj", "{213DB6C0-12B7-474C-BAF7-F19E083FAA5B}"
EndProject
Global
	GlobalSection(SolutionConfigurationPlatforms) = preSolution
		Debug|Any CPU = Debug|Any CPU
		Release|Any CPU = Release|Any CPU
	EndGlobalSection
	GlobalSection(ProjectConfigurationPlatforms) = postSolution
		{58C49A84-DEE5-476D-A6C9-124FBD3DED01}.Debug|Any CPU.ActiveCfg = Debug|Any CPU
		{58C49A84-DEE5-476D-A6C9-124FBD3DED01}.Debug|Any CPU.Build.0 = Debug|Any CPU
		{58C49A84-DEE5-476D-A6C9-124FBD3DED01}.Release|Any CPU.ActiveCfg = Release|Any CPU
		{58C49A84-DEE5-476D-A6C9-124FBD3DED01}.Release|Any CPU.Build.0 = Release|Any CPU
		{213DB6C0-12B7-474C-BAF7-F19E083FAA5B}.Debug|Any CPU.ActiveCfg = Debug|Any CPU
		{213DB6C0-12B7-474C-BAF7-F19E083FAA5B}.Debug|Any CPU.Build.0 = Debug|Any CPU
		{213DB6C0-12B7-474C-BAF7-F19E083FAA5B}.Release|Any CPU.ActiveCfg = Release|Any CPU
		{213DB6C0-12B7-474C-BAF7-F19E083FAA5B}.Release|Any CPU.Build.0 = Release|Any CPU
	EndGlobalSection
	GlobalSection(SolutionProperties) = preSolution
		HideSolutionNode = FALSE
	EndGlobalSection
	GlobalSection(ExtensibilityGlobals) = postSolution
		SolutionGuid = {03EA91E1-6BF3-4E1D-BBD4-FB8E57852A0B}
	EndGlobalSection
EndGlobal
